{
  "version": 4,
  "terraform_version": "1.1.8",
  "serial": 28,
  "lineage": "5caa0f9c-e3a2-af32-5e5b-93770d789c15",
  "outputs": {},
  "resources": [
    {
      "mode": "managed",
      "type": "azurerm_network_ddos_protection_plan",
      "name": "ddos",
      "provider": "provider[\"registry.terraform.io/hashicorp/azurerm\"]",
      "instances": [
        {
          "schema_version": 0,
          "attributes": {
            "id": "/subscriptions/93e9d8f7-6fed-4b2c-88b2-110d22a957d5/resourceGroups/abc_prod_rg/providers/Microsoft.Network/ddosProtectionPlans/vnet_ddos",
            "location": "westeurope",
            "name": "vnet_ddos",
            "resource_group_name": "abc_prod_rg",
            "tags": null,
            "timeouts": null,
            "virtual_network_ids": []
          },
          "sensitive_attributes": [],
          "private": "eyJlMmJmYjczMC1lY2FhLTExZTYtOGY4OC0zNDM2M2JjN2M0YzAiOnsiY3JlYXRlIjoxODAwMDAwMDAwMDAwLCJkZWxldGUiOjE4MDAwMDAwMDAwMDAsInJlYWQiOjMwMDAwMDAwMDAwMCwidXBkYXRlIjoxODAwMDAwMDAwMDAwfX0=",
          "dependencies": [
            "azurerm_resource_group.test"
          ]
        }
      ]
    },
    {
      "mode": "managed",
      "type": "azurerm_resource_group",
      "name": "test",
      "provider": "provider[\"registry.terraform.io/hashicorp/azurerm\"]",
      "instances": [
        {
          "schema_version": 0,
          "attributes": {
            "id": "/subscriptions/93e9d8f7-6fed-4b2c-88b2-110d22a957d5/resourceGroups/abc_prod_rg",
            "location": "westeurope",
            "name": "abc_prod_rg",
            "tags": {
              "environment": "prod"
            },
            "timeouts": null
          },
          "sensitive_attributes": [],
          "private": "eyJlMmJmYjczMC1lY2FhLTExZTYtOGY4OC0zNDM2M2JjN2M0YzAiOnsiY3JlYXRlIjo1NDAwMDAwMDAwMDAwLCJkZWxldGUiOjU0MDAwMDAwMDAwMDAsInJlYWQiOjMwMDAwMDAwMDAwMCwidXBkYXRlIjo1NDAwMDAwMDAwMDAwfX0="
        }
      ]
    },
    {
      "mode": "managed",
      "type": "azurerm_virtual_network",
      "name": "vnet",
      "provider": "provider[\"registry.terraform.io/hashicorp/azurerm\"]",
      "instances": [
        {
          "schema_version": 0,
          "attributes": {
            "address_space": [
              "10.100.0.0/16"
            ],
            "bgp_community": "",
            "ddos_protection_plan": [
              {
                "enable": false,
                "id": "/subscriptions/93e9d8f7-6fed-4b2c-88b2-110d22a957d5/resourceGroups/abc_prod_rg/providers/Microsoft.Network/ddosProtectionPlans/vnet_ddos"
              }
            ],
            "dns_servers": [],
            "edge_zone": "",
            "flow_timeout_in_minutes": 0,
            "guid": "907ee7fb-9103-4010-b2d4-cc339a0e5445",
            "id": "/subscriptions/93e9d8f7-6fed-4b2c-88b2-110d22a957d5/resourceGroups/abc_prod_rg/providers/Microsoft.Network/virtualNetworks/abc_prod_vnet",
            "location": "westeurope",
            "name": "abc_prod_vnet",
            "resource_group_name": "abc_prod_rg",
            "subnet": [
              {
                "address_prefix": "10.100.1.0/24",
                "id": "/subscriptions/93e9d8f7-6fed-4b2c-88b2-110d22a957d5/resourceGroups/abc_prod_rg/providers/Microsoft.Network/virtualNetworks/abc_prod_vnet/subnets/frontend",
                "name": "frontend",
                "security_group": ""
              },
              {
                "address_prefix": "10.100.2.0/24",
                "id": "/subscriptions/93e9d8f7-6fed-4b2c-88b2-110d22a957d5/resourceGroups/abc_prod_rg/providers/Microsoft.Network/virtualNetworks/abc_prod_vnet/subnets/backend",
                "name": "backend",
                "security_group": ""
              },
              {
                "address_prefix": "10.100.3.0/24",
                "id": "/subscriptions/93e9d8f7-6fed-4b2c-88b2-110d22a957d5/resourceGroups/abc_prod_rg/providers/Microsoft.Network/virtualNetworks/abc_prod_vnet/subnets/app_layer",
                "name": "app_layer",
                "security_group": ""
              }
            ],
            "tags": null,
            "timeouts": null
          },
          "sensitive_attributes": [],
          "private": "eyJlMmJmYjczMC1lY2FhLTExZTYtOGY4OC0zNDM2M2JjN2M0YzAiOnsiY3JlYXRlIjoxODAwMDAwMDAwMDAwLCJkZWxldGUiOjE4MDAwMDAwMDAwMDAsInJlYWQiOjMwMDAwMDAwMDAwMCwidXBkYXRlIjoxODAwMDAwMDAwMDAwfX0=",
          "dependencies": [
            "azurerm_network_ddos_protection_plan.ddos",
            "azurerm_resource_group.test"
          ]
        }
      ]
    }
  ]
}
